
Microsoft Visual Studio Solution File, Format Version 12.00
# Visual Studio Version 17
VisualStudioVersion = 17.10.35004.147
MinimumVisualStudioVersion = 10.0.40219.1
Project("{FAE04EC0-301F-11D3-BF4B-00C04F79EFBC}") = "Online_Learning_Platform", "Online_Learning_Platform\Online_Learning_Platform.csproj", "{79678B17-2946-4515-BC6F-57847518E80F}"
EndProject
Global
	GlobalSection(SolutionConfigurationPlatforms) = preSolution
		Debug|Any CPU = Debug|Any CPU
		Release|Any CPU = Release|Any CPU
	EndGlobalSection
	GlobalSection(ProjectConfigurationPlatforms) = postSolution
		{79678B17-2946-4515-BC6F-57847518E80F}.Debug|Any CPU.ActiveCfg = Debug|Any CPU
		{79678B17-2946-4515-BC6F-57847518E80F}.Debug|Any CPU.Build.0 = Debug|Any CPU
		{79678B17-2946-4515-BC6F-57847518E80F}.Release|Any CPU.ActiveCfg = Release|Any CPU
		{79678B17-2946-4515-BC6F-57847518E80F}.Release|Any CPU.Build.0 = Release|Any CPU
	EndGlobalSection
	GlobalSection(SolutionProperties) = preSolution
		HideSolutionNode = FALSE
	EndGlobalSection
	GlobalSection(ExtensibilityGlobals) = postSolution
		SolutionGuid = {97BE6694-E6B2-4702-9064-352011D18DF4}
	EndGlobalSection
EndGlobal
